// !$*UTF8*$!
{
	archiveVersion = 1;
	classes = {
	};
	objectVersion = 56;
	objects = {

/* Begin PBXBuildFile section */
		040BC2152A6985DB00C23F44 /* DetailEditView.swift in Sources */ = {isa = PBXBuildFile; fileRef = 040BC2142A6985DB00C23F44 /* DetailEditView.swift */; };
		0412E0F62A789030000C3889 /* ScrumTimer.swift in Sources */ = {isa = PBXBuildFile; fileRef = 0412E0F52A789030000C3889 /* ScrumTimer.swift */; };
		0412E0F82A7893C2000C3889 /* MeetingFooterView.swift in Sources */ = {isa = PBXBuildFile; fileRef = 0412E0F72A7893C2000C3889 /* MeetingFooterView.swift */; };
		041A89802A6C2B260099434B /* ThemeView.swift in Sources */ = {isa = PBXBuildFile; fileRef = 041A897F2A6C2B260099434B /* ThemeView.swift */; };
		041A89822A6C2DBF0099434B /* ThemePickerView.swift in Sources */ = {isa = PBXBuildFile; fileRef = 041A89812A6C2DBF0099434B /* ThemePickerView.swift */; };
		04464E212A643BB200062D50 /* DetailView.swift in Sources */ = {isa = PBXBuildFile; fileRef = 04464E202A643BB200062D50 /* DetailView.swift */; };
		045797662A62FACE000D09C0 /* ScrumsView.swift in Sources */ = {isa = PBXBuildFile; fileRef = 045797652A62FACE000D09C0 /* ScrumsView.swift */; };
		0457C27A2A79E7C4006B70C2 /* ding.wav in Resources */ = {isa = PBXBuildFile; fileRef = 0457C2792A79E7C4006B70C2 /* ding.wav */; };
		046E996A2A79E4730047CD9A /* AVPlayer+Ding.swift in Sources */ = {isa = PBXBuildFile; fileRef = 046E99692A79E4730047CD9A /* AVPlayer+Ding.swift */; };
		04A0812B2A5902340015A785 /* ScrumdingerApp.swift in Sources */ = {isa = PBXBuildFile; fileRef = 04A0812A2A5902340015A785 /* ScrumdingerApp.swift */; };
		04A0812D2A5902340015A785 /* MeetingView.swift in Sources */ = {isa = PBXBuildFile; fileRef = 04A0812C2A5902340015A785 /* MeetingView.swift */; };
		04A0812F2A5902350015A785 /* Assets.xcassets in Resources */ = {isa = PBXBuildFile; fileRef = 04A0812E2A5902350015A785 /* Assets.xcassets */; };
		04A081322A5902350015A785 /* Preview Assets.xcassets in Resources */ = {isa = PBXBuildFile; fileRef = 04A081312A5902350015A785 /* Preview Assets.xcassets */; };
		04A0813C2A5902350015A785 /* ScrumdingerTests.swift in Sources */ = {isa = PBXBuildFile; fileRef = 04A0813B2A5902350015A785 /* ScrumdingerTests.swift */; };
		04A081462A5902350015A785 /* ScrumdingerUITests.swift in Sources */ = {isa = PBXBuildFile; fileRef = 04A081452A5902350015A785 /* ScrumdingerUITests.swift */; };
		04A081482A5902350015A785 /* ScrumdingerUITestsLaunchTests.swift in Sources */ = {isa = PBXBuildFile; fileRef = 04A081472A5902350015A785 /* ScrumdingerUITestsLaunchTests.swift */; };
		04CBEDD32A5B58E100D48A07 /* Theme.swift in Sources */ = {isa = PBXBuildFile; fileRef = 04CBEDD22A5B58E100D48A07 /* Theme.swift */; };
		04CBEDD52A5B5A9700D48A07 /* DailyScrum.swift in Sources */ = {isa = PBXBuildFile; fileRef = 04CBEDD42A5B5A9700D48A07 /* DailyScrum.swift */; };
		04CBEDD72A5B5C0900D48A07 /* CardView.swift in Sources */ = {isa = PBXBuildFile; fileRef = 04CBEDD62A5B5C0900D48A07 /* CardView.swift */; };
		04CBEDD92A5B6B5400D48A07 /* TrailingIconLabelStyle.swift in Sources */ = {isa = PBXBuildFile; fileRef = 04CBEDD82A5B6B5400D48A07 /* TrailingIconLabelStyle.swift */; };
		04E2DAEE2A76FC5A006D354B /* MeetingHeaderView.swift in Sources */ = {isa = PBXBuildFile; fileRef = 04E2DAED2A76FC5A006D354B /* MeetingHeaderView.swift */; };
		04E2DAF02A770454006D354B /* ScrumProgressViewStyle.swift in Sources */ = {isa = PBXBuildFile; fileRef = 04E2DAEF2A770454006D354B /* ScrumProgressViewStyle.swift */; };
/* End PBXBuildFile section */

/* Begin PBXContainerItemProxy section */
		04A081382A5902350015A785 /* PBXContainerItemProxy */ = {
			isa = PBXContainerItemProxy;
			containerPortal = 04A0811F2A5902340015A785 /* Project object */;
			proxyType = 1;
			remoteGlobalIDString = 04A081262A5902340015A785;
			remoteInfo = Scrumdinger;
		};
		04A081422A5902350015A785 /* PBXContainerItemProxy */ = {
			isa = PBXContainerItemProxy;
			containerPortal = 04A0811F2A5902340015A785 /* Project object */;
			proxyType = 1;
			remoteGlobalIDString = 04A081262A5902340015A785;
			remoteInfo = Scrumdinger;
		};
/* End PBXContainerItemProxy section */

/* Begin PBXFileReference section */
		040BC2142A6985DB00C23F44 /* DetailEditView.swift */ = {isa = PBXFileReference; lastKnownFileType = sourcecode.swift; path = DetailEditView.swift; sourceTree = "<group>"; };
		0412E0F52A789030000C3889 /* ScrumTimer.swift */ = {isa = PBXFileReference; lastKnownFileType = sourcecode.swift; path = ScrumTimer.swift; sourceTree = "<group>"; };
		0412E0F72A7893C2000C3889 /* MeetingFooterView.swift */ = {isa = PBXFileReference; lastKnownFileType = sourcecode.swift; path = MeetingFooterView.swift; sourceTree = "<group>"; };
		0412E0FA2A78A2D5000C3889 /* AVFoundation.framework */ = {isa = PBXFileReference; lastKnownFileType = wrapper.framework; name = AVFoundation.framework; path = System/Library/Frameworks/AVFoundation.framework; sourceTree = SDKROOT; };
		041A897F2A6C2B260099434B /* ThemeView.swift */ = {isa = PBXFileReference; lastKnownFileType = sourcecode.swift; path = ThemeView.swift; sourceTree = "<group>"; };
		041A89812A6C2DBF0099434B /* ThemePickerView.swift */ = {isa = PBXFileReference; lastKnownFileType = sourcecode.swift; path = ThemePickerView.swift; sourceTree = "<group>"; };
		04464E202A643BB200062D50 /* DetailView.swift */ = {isa = PBXFileReference; lastKnownFileType = sourcecode.swift; path = DetailView.swift; sourceTree = "<group>"; };
		045797652A62FACE000D09C0 /* ScrumsView.swift */ = {isa = PBXFileReference; lastKnownFileType = sourcecode.swift; path = ScrumsView.swift; sourceTree = "<group>"; };
		0457C2792A79E7C4006B70C2 /* ding.wav */ = {isa = PBXFileReference; lastKnownFileType = audio.wav; path = ding.wav; sourceTree = "<group>"; };
		046E99692A79E4730047CD9A /* AVPlayer+Ding.swift */ = {isa = PBXFileReference; lastKnownFileType = sourcecode.swift; path = "AVPlayer+Ding.swift"; sourceTree = "<group>"; };
		04A081272A5902340015A785 /* Scrumdinger.app */ = {isa = PBXFileReference; explicitFileType = wrapper.application; includeInIndex = 0; path = Scrumdinger.app; sourceTree = BUILT_PRODUCTS_DIR; };
		04A0812A2A5902340015A785 /* ScrumdingerApp.swift */ = {isa = PBXFileReference; lastKnownFileType = sourcecode.swift; path = ScrumdingerApp.swift; sourceTree = "<group>"; };
		04A0812C2A5902340015A785 /* MeetingView.swift */ = {isa = PBXFileReference; lastKnownFileType = sourcecode.swift; path = MeetingView.swift; sourceTree = "<group>"; };
		04A0812E2A5902350015A785 /* Assets.xcassets */ = {isa = PBXFileReference; lastKnownFileType = folder.assetcatalog; path = Assets.xcassets; sourceTree = "<group>"; };
		04A081312A5902350015A785 /* Preview Assets.xcassets */ = {isa = PBXFileReference; lastKnownFileType = folder.assetcatalog; path = "Preview Assets.xcassets"; sourceTree = "<group>"; };
		04A081372A5902350015A785 /* ScrumdingerTests.xctest */ = {isa = PBXFileReference; explicitFileType = wrapper.cfbundle; includeInIndex = 0; path = ScrumdingerTests.xctest; sourceTree = BUILT_PRODUCTS_DIR; };
		04A0813B2A5902350015A785 /* ScrumdingerTests.swift */ = {isa = PBXFileReference; lastKnownFileType = sourcecode.swift; path = ScrumdingerTests.swift; sourceTree = "<group>"; };
		04A081412A5902350015A785 /* ScrumdingerUITests.xctest */ = {isa = PBXFileReference; explicitFileType = wrapper.cfbundle; includeInIndex = 0; path = ScrumdingerUITests.xctest; sourceTree = BUILT_PRODUCTS_DIR; };
		04A081452A5902350015A785 /* ScrumdingerUITests.swift */ = {isa = PBXFileReference; lastKnownFileType = sourcecode.swift; path = ScrumdingerUITests.swift; sourceTree = "<group>"; };
		04A081472A5902350015A785 /* ScrumdingerUITestsLaunchTests.swift */ = {isa = PBXFileReference; lastKnownFileType = sourcecode.swift; path = ScrumdingerUITestsLaunchTests.swift; sourceTree = "<group>"; };
		04CBEDD22A5B58E100D48A07 /* Theme.swift */ = {isa = PBXFileReference; lastKnownFileType = sourcecode.swift; path = Theme.swift; sourceTree = "<group>"; };
		04CBEDD42A5B5A9700D48A07 /* DailyScrum.swift */ = {isa = PBXFileReference; lastKnownFileType = sourcecode.swift; path = DailyScrum.swift; sourceTree = "<group>"; };
		04CBEDD62A5B5C0900D48A07 /* CardView.swift */ = {isa = PBXFileReference; lastKnownFileType = sourcecode.swift; path = CardView.swift; sourceTree = "<group>"; };
		04CBEDD82A5B6B5400D48A07 /* TrailingIconLabelStyle.swift */ = {isa = PBXFileReference; lastKnownFileType = sourcecode.swift; path = TrailingIconLabelStyle.swift; sourceTree = "<group>"; };
		04E2DAED2A76FC5A006D354B /* MeetingHeaderView.swift */ = {isa = PBXFileReference; lastKnownFileType = sourcecode.swift; path = MeetingHeaderView.swift; sourceTree = "<group>"; };
		04E2DAEF2A770454006D354B /* ScrumProgressViewStyle.swift */ = {isa = PBXFileReference; lastKnownFileType = sourcecode.swift; path = ScrumProgressViewStyle.swift; sourceTree = "<group>"; };
		04F4D5722A78A47A005A7842 /* AVFAudio.framework */ = {isa = PBXFileReference; lastKnownFileType = wrapper.framework; name = AVFAudio.framework; path = System/Library/Frameworks/AVFAudio.framework; sourceTree = SDKROOT; };
		04F4D5772A78A689005A7842 /* AVKit.framework */ = {isa = PBXFileReference; lastKnownFileType = wrapper.framework; name = AVKit.framework; path = System/Library/Frameworks/AVKit.framework; sourceTree = SDKROOT; };
/* End PBXFileReference section */

/* Begin PBXFrameworksBuildPhase section */
		04A081242A5902340015A785 /* Frameworks */ = {
			isa = PBXFrameworksBuildPhase;
			buildActionMask = 2147483647;
			files = (
			);
			runOnlyForDeploymentPostprocessing = 0;
		};
		04A081342A5902350015A785 /* Frameworks */ = {
			isa = PBXFrameworksBuildPhase;
			buildActionMask = 2147483647;
			files = (
			);
			runOnlyForDeploymentPostprocessing = 0;
		};
		04A0813E2A5902350015A785 /* Frameworks */ = {
			isa = PBXFrameworksBuildPhase;
			buildActionMask = 2147483647;
			files = (
			);
			runOnlyForDeploymentPostprocessing = 0;
		};
/* End PBXFrameworksBuildPhase section */

/* Begin PBXGroup section */
		0412E0F92A78A2D5000C3889 /* Frameworks */ = {
			isa = PBXGroup;
			children = (
				04F4D5772A78A689005A7842 /* AVKit.framework */,
				04F4D5722A78A47A005A7842 /* AVFAudio.framework */,
				0412E0FA2A78A2D5000C3889 /* AVFoundation.framework */,
			);
			name = Frameworks;
			sourceTree = "<group>";
		};
		0457C27C2A79E804006B70C2 /* Resources */ = {
			isa = PBXGroup;
			children = (
				0457C2792A79E7C4006B70C2 /* ding.wav */,
			);
			path = Resources;
			sourceTree = "<group>";
		};
		04A0811E2A5902340015A785 = {
			isa = PBXGroup;
			children = (
				04A081292A5902340015A785 /* Scrumdinger */,
				04A0813A2A5902350015A785 /* ScrumdingerTests */,
				04A081442A5902350015A785 /* ScrumdingerUITests */,
				04A081282A5902340015A785 /* Products */,
				0412E0F92A78A2D5000C3889 /* Frameworks */,
			);
			sourceTree = "<group>";
		};
		04A081282A5902340015A785 /* Products */ = {
			isa = PBXGroup;
			children = (
				04A081272A5902340015A785 /* Scrumdinger.app */,
				04A081372A5902350015A785 /* ScrumdingerTests.xctest */,
				04A081412A5902350015A785 /* ScrumdingerUITests.xctest */,
			);
			name = Products;
			sourceTree = "<group>";
		};
		04A081292A5902340015A785 /* Scrumdinger */ = {
			isa = PBXGroup;
			children = (
				04CBEDD12A5B58C400D48A07 /* Models */,
				04A0812A2A5902340015A785 /* ScrumdingerApp.swift */,
				04A0812C2A5902340015A785 /* MeetingView.swift */,
				04E2DAED2A76FC5A006D354B /* MeetingHeaderView.swift */,
				0412E0F72A7893C2000C3889 /* MeetingFooterView.swift */,
				04CBEDD62A5B5C0900D48A07 /* CardView.swift */,
				04CBEDD82A5B6B5400D48A07 /* TrailingIconLabelStyle.swift */,
				04E2DAEF2A770454006D354B /* ScrumProgressViewStyle.swift */,
				045797652A62FACE000D09C0 /* ScrumsView.swift */,
				04464E202A643BB200062D50 /* DetailView.swift */,
				040BC2142A6985DB00C23F44 /* DetailEditView.swift */,
				041A897F2A6C2B260099434B /* ThemeView.swift */,
				041A89812A6C2DBF0099434B /* ThemePickerView.swift */,
				04A0812E2A5902350015A785 /* Assets.xcassets */,
				0457C27C2A79E804006B70C2 /* Resources */,
				04A081302A5902350015A785 /* Preview Content */,
			);
			path = Scrumdinger;
			sourceTree = "<group>";
		};
		04A081302A5902350015A785 /* Preview Content */ = {
			isa = PBXGroup;
			children = (
				04A081312A5902350015A785 /* Preview Assets.xcassets */,
			);
			path = "Preview Content";
			sourceTree = "<group>";
		};
		04A0813A2A5902350015A785 /* ScrumdingerTests */ = {
			isa = PBXGroup;
			children = (
				04A0813B2A5902350015A785 /* ScrumdingerTests.swift */,
			);
			path = ScrumdingerTests;
			sourceTree = "<group>";
		};
		04A081442A5902350015A785 /* ScrumdingerUITests */ = {
			isa = PBXGroup;
			children = (
				04A081452A5902350015A785 /* ScrumdingerUITests.swift */,
				04A081472A5902350015A785 /* ScrumdingerUITestsLaunchTests.swift */,
			);
			path = ScrumdingerUITests;
			sourceTree = "<group>";
		};
		04CBEDD12A5B58C400D48A07 /* Models */ = {
			isa = PBXGroup;
			children = (
				04CBEDD22A5B58E100D48A07 /* Theme.swift */,
				04CBEDD42A5B5A9700D48A07 /* DailyScrum.swift */,
				0412E0F52A789030000C3889 /* ScrumTimer.swift */,
				046E99692A79E4730047CD9A /* AVPlayer+Ding.swift */,
			);
			path = Models;
			sourceTree = "<group>";
		};
/* End PBXGroup section */

/* Begin PBXNativeTarget section */
		04A081262A5902340015A785 /* Scrumdinger */ = {
			isa = PBXNativeTarget;
			buildConfigurationList = 04A0814B2A5902350015A785 /* Build configuration list for PBXNativeTarget "Scrumdinger" */;
			buildPhases = (
				04A081232A5902340015A785 /* Sources */,
				04A081242A5902340015A785 /* Frameworks */,
				04A081252A5902340015A785 /* Resources */,
			);
			buildRules = (
			);
			dependencies = (
			);
			name = Scrumdinger;
			productName = Scrumdinger;
			productReference = 04A081272A5902340015A785 /* Scrumdinger.app */;
			productType = "com.apple.product-type.application";
		};
		04A081362A5902350015A785 /* ScrumdingerTests */ = {
			isa = PBXNativeTarget;
			buildConfigurationList = 04A0814E2A5902350015A785 /* Build configuration list for PBXNativeTarget "ScrumdingerTests" */;
			buildPhases = (
				04A081332A5902350015A785 /* Sources */,
				04A081342A5902350015A785 /* Frameworks */,
				04A081352A5902350015A785 /* Resources */,
			);
			buildRules = (
			);
			dependencies = (
				04A081392A5902350015A785 /* PBXTargetDependency */,
			);
			name = ScrumdingerTests;
			productName = ScrumdingerTests;
			productReference = 04A081372A5902350015A785 /* ScrumdingerTests.xctest */;
			productType = "com.apple.product-type.bundle.unit-test";
		};
		04A081402A5902350015A785 /* ScrumdingerUITests */ = {
			isa = PBXNativeTarget;
			buildConfigurationList = 04A081512A5902350015A785 /* Build configuration list for PBXNativeTarget "ScrumdingerUITests" */;
			buildPhases = (
				04A0813D2A5902350015A785 /* Sources */,
				04A0813E2A5902350015A785 /* Frameworks */,
				04A0813F2A5902350015A785 /* Resources */,
			);
			buildRules = (
			);
			dependencies = (
				04A081432A5902350015A785 /* PBXTargetDependency */,
			);
			name = ScrumdingerUITests;
			productName = ScrumdingerUITests;
			productReference = 04A081412A5902350015A785 /* ScrumdingerUITests.xctest */;
			productType = "com.apple.product-type.bundle.ui-testing";
		};
/* End PBXNativeTarget section */

/* Begin PBXProject section */
		04A0811F2A5902340015A785 /* Project object */ = {
			isa = PBXProject;
			attributes = {
				BuildIndependentTargetsInParallel = 1;
				LastSwiftUpdateCheck = 1430;
				LastUpgradeCheck = 1430;
				TargetAttributes = {
					04A081262A5902340015A785 = {
						CreatedOnToolsVersion = 14.3.1;
					};
					04A081362A5902350015A785 = {
						CreatedOnToolsVersion = 14.3.1;
						TestTargetID = 04A081262A5902340015A785;
					};
					04A081402A5902350015A785 = {
						CreatedOnToolsVersion = 14.3.1;
						TestTargetID = 04A081262A5902340015A785;
					};
				};
			};
			buildConfigurationList = 04A081222A5902340015A785 /* Build configuration list for PBXProject "Scrumdinger" */;
			compatibilityVersion = "Xcode 14.0";
			developmentRegion = en;
			hasScannedForEncodings = 0;
			knownRegions = (
				en,
				Base,
			);
			mainGroup = 04A0811E2A5902340015A785;
			productRefGroup = 04A081282A5902340015A785 /* Products */;
			projectDirPath = "";
			projectRoot = "";
			targets = (
				04A081262A5902340015A785 /* Scrumdinger */,
				04A081362A5902350015A785 /* ScrumdingerTests */,
				04A081402A5902350015A785 /* ScrumdingerUITests */,
			);
		};
/* End PBXProject section */

/* Begin PBXResourcesBuildPhase section */
		04A081252A5902340015A785 /* Resources */ = {
			isa = PBXResourcesBuildPhase;
			buildActionMask = 2147483647;
			files = (
				04A081322A5902350015A785 /* Preview Assets.xcassets in Resources */,
				04A0812F2A5902350015A785 /* Assets.xcassets in Resources */,
				0457C27A2A79E7C4006B70C2 /* ding.wav in Resources */,
			);
			runOnlyForDeploymentPostprocessing = 0;
		};
		04A081352A5902350015A785 /* Resources */ = {
			isa = PBXResourcesBuildPhase;
			buildActionMask = 2147483647;
			files = (
			);
			runOnlyForDeploymentPostprocessing = 0;
		};
		04A0813F2A5902350015A785 /* Resources */ = {
			isa = PBXResourcesBuildPhase;
			buildActionMask = 2147483647;
			files = (
			);
			runOnlyForDeploymentPostprocessing = 0;
		};
/* End PBXResourcesBuildPhase section */

/* Begin PBXSourcesBuildPhase section */
		04A081232A5902340015A785 /* Sources */ = {
			isa = PBXSourcesBuildPhase;
			buildActionMask = 2147483647;
			files = (
				04CBEDD52A5B5A9700D48A07 /* DailyScrum.swift in Sources */,
				04E2DAF02A770454006D354B /* ScrumProgressViewStyle.swift in Sources */,
				0412E0F82A7893C2000C3889 /* MeetingFooterView.swift in Sources */,
				0412E0F62A789030000C3889 /* ScrumTimer.swift in Sources */,
				04464E212A643BB200062D50 /* DetailView.swift in Sources */,
				040BC2152A6985DB00C23F44 /* DetailEditView.swift in Sources */,
				04E2DAEE2A76FC5A006D354B /* MeetingHeaderView.swift in Sources */,
				04CBEDD92A5B6B5400D48A07 /* TrailingIconLabelStyle.swift in Sources */,
				04CBEDD32A5B58E100D48A07 /* Theme.swift in Sources */,
				041A89822A6C2DBF0099434B /* ThemePickerView.swift in Sources */,
				045797662A62FACE000D09C0 /* ScrumsView.swift in Sources */,
				04A0812D2A5902340015A785 /* MeetingView.swift in Sources */,
				04A0812B2A5902340015A785 /* ScrumdingerApp.swift in Sources */,
				041A89802A6C2B260099434B /* ThemeView.swift in Sources */,
				04CBEDD72A5B5C0900D48A07 /* CardView.swift in Sources */,
				046E996A2A79E4730047CD9A /* AVPlayer+Ding.swift in Sources */,
			);
			runOnlyForDeploymentPostprocessing = 0;
		};
		04A081332A5902350015A785 /* Sources */ = {
			isa = PBXSourcesBuildPhase;
			buildActionMask = 2147483647;
			files = (
				04A0813C2A5902350015A785 /* ScrumdingerTests.swift in Sources */,
			);
			runOnlyForDeploymentPostprocessing = 0;
		};
		04A0813D2A5902350015A785 /* Sources */ = {
			isa = PBXSourcesBuildPhase;
			buildActionMask = 2147483647;
			files = (
				04A081482A5902350015A785 /* ScrumdingerUITestsLaunchTests.swift in Sources */,
				04A081462A5902350015A785 /* ScrumdingerUITests.swift in Sources */,
			);
			runOnlyForDeploymentPostprocessing = 0;
		};
/* End PBXSourcesBuildPhase section */

/* Begin PBXTargetDependency section */
		04A081392A5902350015A785 /* PBXTargetDependency */ = {
			isa = PBXTargetDependency;
			target = 04A081262A5902340015A785 /* Scrumdinger */;
			targetProxy = 04A081382A5902350015A785 /* PBXContainerItemProxy */;
		};
		04A081432A5902350015A785 /* PBXTargetDependency */ = {
			isa = PBXTargetDependency;
			target = 04A081262A5902340015A785 /* Scrumdinger */;
			targetProxy = 04A081422A5902350015A785 /* PBXContainerItemProxy */;
		};
/* End PBXTargetDependency section */

/* Begin XCBuildConfiguration section */
		04A081492A5902350015A785 /* Debug */ = {
			isa = XCBuildConfiguration;
			buildSettings = {
				ALWAYS_SEARCH_USER_PATHS = NO;
				CLANG_ANALYZER_NONNULL = YES;
				CLANG_ANALYZER_NUMBER_OBJECT_CONVERSION = YES_AGGRESSIVE;
				CLANG_CXX_LANGUAGE_STANDARD = "gnu++20";
				CLANG_ENABLE_MODULES = YES;
				CLANG_ENABLE_OBJC_ARC = YES;
				CLANG_ENABLE_OBJC_WEAK = YES;
				CLANG_WARN_BLOCK_CAPTURE_AUTORELEASING = YES;
				CLANG_WARN_BOOL_CONVERSION = YES;
				CLANG_WARN_COMMA = YES;
				CLANG_WARN_CONSTANT_CONVERSION = YES;
				CLANG_WARN_DEPRECATED_OBJC_IMPLEMENTATIONS = YES;
				CLANG_WARN_DIRECT_OBJC_ISA_USAGE = YES_ERROR;
				CLANG_WARN_DOCUMENTATION_COMMENTS = YES;
				CLANG_WARN_EMPTY_BODY = YES;
				CLANG_WARN_ENUM_CONVERSION = YES;
				CLANG_WARN_INFINITE_RECURSION = YES;
				CLANG_WARN_INT_CONVERSION = YES;
				CLANG_WARN_NON_LITERAL_NULL_CONVERSION = YES;
				CLANG_WARN_OBJC_IMPLICIT_RETAIN_SELF = YES;
				CLANG_WARN_OBJC_LITERAL_CONVERSION = YES;
				CLANG_WARN_OBJC_ROOT_CLASS = YES_ERROR;
				CLANG_WARN_QUOTED_INCLUDE_IN_FRAMEWORK_HEADER = YES;
				CLANG_WARN_RANGE_LOOP_ANALYSIS = YES;
				CLANG_WARN_STRICT_PROTOTYPES = YES;
				CLANG_WARN_SUSPICIOUS_MOVE = YES;
				CLANG_WARN_UNGUARDED_AVAILABILITY = YES_AGGRESSIVE;
				CLANG_WARN_UNREACHABLE_CODE = YES;
				CLANG_WARN__DUPLICATE_METHOD_MATCH = YES;
				COPY_PHASE_STRIP = NO;
				DEBUG_INFORMATION_FORMAT = dwarf;
				ENABLE_STRICT_OBJC_MSGSEND = YES;
				ENABLE_TESTABILITY = YES;
				GCC_C_LANGUAGE_STANDARD = gnu11;
				GCC_DYNAMIC_NO_PIC = NO;
				GCC_NO_COMMON_BLOCKS = YES;
				GCC_OPTIMIZATION_LEVEL = 0;
				GCC_PREPROCESSOR_DEFINITIONS = (
					"DEBUG=1",
					"$(inherited)",
				);
				GCC_WARN_64_TO_32_BIT_CONVERSION = YES;
				GCC_WARN_ABOUT_RETURN_TYPE = YES_ERROR;
				GCC_WARN_UNDECLARED_SELECTOR = YES;
				GCC_WARN_UNINITIALIZED_AUTOS = YES_AGGRESSIVE;
				GCC_WARN_UNUSED_FUNCTION = YES;
				GCC_WARN_UNUSED_VARIABLE = YES;
				IPHONEOS_DEPLOYMENT_TARGET = 16.4;
				MTL_ENABLE_DEBUG_INFO = INCLUDE_SOURCE;
				MTL_FAST_MATH = YES;
				ONLY_ACTIVE_ARCH = YES;
				SDKROOT = iphoneos;
				SWIFT_ACTIVE_COMPILATION_CONDITIONS = DEBUG;
				SWIFT_OPTIMIZATION_LEVEL = "-Onone";
			};
			name = Debug;
		};
		04A0814A2A5902350015A785 /* Release */ = {
			isa = XCBuildConfiguration;
			buildSettings = {
				ALWAYS_SEARCH_USER_PATHS = NO;
				CLANG_ANALYZER_NONNULL = YES;
				CLANG_ANALYZER_NUMBER_OBJECT_CONVERSION = YES_AGGRESSIVE;
				CLANG_CXX_LANGUAGE_STANDARD = "gnu++20";
				CLANG_ENABLE_MODULES = YES;
				CLANG_ENABLE_OBJC_ARC = YES;
				CLANG_ENABLE_OBJC_WEAK = YES;
				CLANG_WARN_BLOCK_CAPTURE_AUTORELEASING = YES;
				CLANG_WARN_BOOL_CONVERSION = YES;
				CLANG_WARN_COMMA = YES;
				CLANG_WARN_CONSTANT_CONVERSION = YES;
				CLANG_WARN_DEPRECATED_OBJC_IMPLEMENTATIONS = YES;
				CLANG_WARN_DIRECT_OBJC_ISA_USAGE = YES_ERROR;
				CLANG_WARN_DOCUMENTATION_COMMENTS = YES;
				CLANG_WARN_EMPTY_BODY = YES;
				CLANG_WARN_ENUM_CONVERSION = YES;
				CLANG_WARN_INFINITE_RECURSION = YES;
				CLANG_WARN_INT_CONVERSION = YES;
				CLANG_WARN_NON_LITERAL_NULL_CONVERSION = YES;
				CLANG_WARN_OBJC_IMPLICIT_RETAIN_SELF = YES;
				CLANG_WARN_OBJC_LITERAL_CONVERSION = YES;
				CLANG_WARN_OBJC_ROOT_CLASS = YES_ERROR;
				CLANG_WARN_QUOTED_INCLUDE_IN_FRAMEWORK_HEADER = YES;
				CLANG_WARN_RANGE_LOOP_ANALYSIS = YES;
				CLANG_WARN_STRICT_PROTOTYPES = YES;
				CLANG_WARN_SUSPICIOUS_MOVE = YES;
				CLANG_WARN_UNGUARDED_AVAILABILITY = YES_AGGRESSIVE;
				CLANG_WARN_UNREACHABLE_CODE = YES;
				CLANG_WARN__DUPLICATE_METHOD_MATCH = YES;
				COPY_PHASE_STRIP = NO;
				DEBUG_INFORMATION_FORMAT = "dwarf-with-dsym";
				ENABLE_NS_ASSERTIONS = NO;
				ENABLE_STRICT_OBJC_MSGSEND = YES;
				GCC_C_LANGUAGE_STANDARD = gnu11;
				GCC_NO_COMMON_BLOCKS = YES;
				GCC_WARN_64_TO_32_BIT_CONVERSION = YES;
				GCC_WARN_ABOUT_RETURN_TYPE = YES_ERROR;
				GCC_WARN_UNDECLARED_SELECTOR = YES;
				GCC_WARN_UNINITIALIZED_AUTOS = YES_AGGRESSIVE;
				GCC_WARN_UNUSED_FUNCTION = YES;
				GCC_WARN_UNUSED_VARIABLE = YES;
				IPHONEOS_DEPLOYMENT_TARGET = 16.4;
				MTL_ENABLE_DEBUG_INFO = NO;
				MTL_FAST_MATH = YES;
				SDKROOT = iphoneos;
				SWIFT_COMPILATION_MODE = wholemodule;
				SWIFT_OPTIMIZATION_LEVEL = "-O";
				VALIDATE_PRODUCT = YES;
			};
			name = Release;
		};
		04A0814C2A5902350015A785 /* Debug */ = {
			isa = XCBuildConfiguration;
			buildSettings = {
				ASSETCATALOG_COMPILER_APPICON_NAME = AppIcon;
				ASSETCATALOG_COMPILER_GLOBAL_ACCENT_COLOR_NAME = AccentColor;
				CODE_SIGN_STYLE = Automatic;
				CURRENT_PROJECT_VERSION = 1;
				DEVELOPMENT_ASSET_PATHS = "\"Scrumdinger/Preview Content\"";
				DEVELOPMENT_TEAM = 2Z7656824H;
				ENABLE_PREVIEWS = YES;
				GENERATE_INFOPLIST_FILE = YES;
				INFOPLIST_KEY_UIApplicationSceneManifest_Generation = YES;
				INFOPLIST_KEY_UIApplicationSupportsIndirectInputEvents = YES;
				INFOPLIST_KEY_UILaunchScreen_Generation = YES;
				INFOPLIST_KEY_UISupportedInterfaceOrientations_iPad = "UIInterfaceOrientationPortrait UIInterfaceOrientationPortraitUpsideDown UIInterfaceOrientationLandscapeLeft UIInterfaceOrientationLandscapeRight";
				INFOPLIST_KEY_UISupportedInterfaceOrientations_iPhone = "UIInterfaceOrientationPortrait UIInterfaceOrientationLandscapeLeft UIInterfaceOrientationLandscapeRight";
				IPHONEOS_DEPLOYMENT_TARGET = 16.0;
				LD_RUNPATH_SEARCH_PATHS = (
					"$(inherited)",
					"@executable_path/Frameworks",
				);
				MARKETING_VERSION = 1.0;
				PRODUCT_BUNDLE_IDENTIFIER = com.g1alexander.Scrumdinger;
				PRODUCT_NAME = "$(TARGET_NAME)";
				SWIFT_EMIT_LOC_STRINGS = YES;
				SWIFT_VERSION = 5.0;
				TARGETED_DEVICE_FAMILY = "1,2";
			};
			name = Debug;
		};
		04A0814D2A5902350015A785 /* Release */ = {
			isa = XCBuildConfiguration;
			buildSettings = {
				ASSETCATALOG_COMPILER_APPICON_NAME = AppIcon;
				ASSETCATALOG_COMPILER_GLOBAL_ACCENT_COLOR_NAME = AccentColor;
				CODE_SIGN_STYLE = Automatic;
				CURRENT_PROJECT_VERSION = 1;
				DEVELOPMENT_ASSET_PATHS = "\"Scrumdinger/Preview Content\"";
				DEVELOPMENT_TEAM = 2Z7656824H;
				ENABLE_PREVIEWS = YES;
				GENERATE_INFOPLIST_FILE = YES;
				INFOPLIST_KEY_UIApplicationSceneManifest_Generation = YES;
				INFOPLIST_KEY_UIApplicationSupportsIndirectInputEvents = YES;
				INFOPLIST_KEY_UILaunchScreen_Generation = YES;
				INFOPLIST_KEY_UISupportedInterfaceOrientations_iPad = "UIInterfaceOrientationPortrait UIInterfaceOrientationPortraitUpsideDown UIInterfaceOrientationLandscapeLeft UIInterfaceOrientationLandscapeRight";
				INFOPLIST_KEY_UISupportedInterfaceOrientations_iPhone = "UIInterfaceOrientationPortrait UIInterfaceOrientationLandscapeLeft UIInterfaceOrientationLandscapeRight";
				IPHONEOS_DEPLOYMENT_TARGET = 16.0;
				LD_RUNPATH_SEARCH_PATHS = (
					"$(inherited)",
					"@executable_path/Frameworks",
				);
				MARKETING_VERSION = 1.0;
				PRODUCT_BUNDLE_IDENTIFIER = com.g1alexander.Scrumdinger;
				PRODUCT_NAME = "$(TARGET_NAME)";
				SWIFT_EMIT_LOC_STRINGS = YES;
				SWIFT_VERSION = 5.0;
				TARGETED_DEVICE_FAMILY = "1,2";
			};
			name = Release;
		};
		04A0814F2A5902350015A785 /* Debug */ = {
			isa = XCBuildConfiguration;
			buildSettings = {
				ALWAYS_EMBED_SWIFT_STANDARD_LIBRARIES = YES;
				BUNDLE_LOADER = "$(TEST_HOST)";
				CODE_SIGN_STYLE = Automatic;
				CURRENT_PROJECT_VERSION = 1;
				DEVELOPMENT_TEAM = 8Z7U4Z724G;
				GENERATE_INFOPLIST_FILE = YES;
				IPHONEOS_DEPLOYMENT_TARGET = 16.4;
				MARKETING_VERSION = 1.0;
				PRODUCT_BUNDLE_IDENTIFIER = com.g1alexander.ScrumdingerTests;
				PRODUCT_NAME = "$(TARGET_NAME)";
				SWIFT_EMIT_LOC_STRINGS = NO;
				SWIFT_VERSION = 5.0;
				TARGETED_DEVICE_FAMILY = "1,2";
				TEST_HOST = "$(BUILT_PRODUCTS_DIR)/Scrumdinger.app/$(BUNDLE_EXECUTABLE_FOLDER_PATH)/Scrumdinger";
			};
			name = Debug;
		};
		04A081502A5902350015A785 /* Release */ = {
			isa = XCBuildConfiguration;
			buildSettings = {
				ALWAYS_EMBED_SWIFT_STANDARD_LIBRARIES = YES;
				BUNDLE_LOADER = "$(TEST_HOST)";
				CODE_SIGN_STYLE = Automatic;
				CURRENT_PROJECT_VERSION = 1;
				DEVELOPMENT_TEAM = 8Z7U4Z724G;
				GENERATE_INFOPLIST_FILE = YES;
				IPHONEOS_DEPLOYMENT_TARGET = 16.4;
				MARKETING_VERSION = 1.0;
				PRODUCT_BUNDLE_IDENTIFIER = com.g1alexander.ScrumdingerTests;
				PRODUCT_NAME = "$(TARGET_NAME)";
				SWIFT_EMIT_LOC_STRINGS = NO;
				SWIFT_VERSION = 5.0;
				TARGETED_DEVICE_FAMILY = "1,2";
				TEST_HOST = "$(BUILT_PRODUCTS_DIR)/Scrumdinger.app/$(BUNDLE_EXECUTABLE_FOLDER_PATH)/Scrumdinger";
			};
			name = Release;
		};
		04A081522A5902350015A785 /* Debug */ = {
			isa = XCBuildConfiguration;
			buildSettings = {
				ALWAYS_EMBED_SWIFT_STANDARD_LIBRARIES = YES;
				CODE_SIGN_STYLE = Automatic;
				CURRENT_PROJECT_VERSION = 1;
				DEVELOPMENT_TEAM = 8Z7U4Z724G;
				GENERATE_INFOPLIST_FILE = YES;
				MARKETING_VERSION = 1.0;
				PRODUCT_BUNDLE_IDENTIFIER = com.g1alexander.ScrumdingerUITests;
				PRODUCT_NAME = "$(TARGET_NAME)";
				SWIFT_EMIT_LOC_STRINGS = NO;
				SWIFT_VERSION = 5.0;
				TARGETED_DEVICE_FAMILY = "1,2";
				TEST_TARGET_NAME = Scrumdinger;
			};
			name = Debug;
		};
		04A081532A5902350015A785 /* Release */ = {
			isa = XCBuildConfiguration;
			buildSettings = {
				ALWAYS_EMBED_SWIFT_STANDARD_LIBRARIES = YES;
				CODE_SIGN_STYLE = Automatic;
				CURRENT_PROJECT_VERSION = 1;
				DEVELOPMENT_TEAM = 8Z7U4Z724G;
				GENERATE_INFOPLIST_FILE = YES;
				MARKETING_VERSION = 1.0;
				PRODUCT_BUNDLE_IDENTIFIER = com.g1alexander.ScrumdingerUITests;
				PRODUCT_NAME = "$(TARGET_NAME)";
				SWIFT_EMIT_LOC_STRINGS = NO;
				SWIFT_VERSION = 5.0;
				TARGETED_DEVICE_FAMILY = "1,2";
				TEST_TARGET_NAME = Scrumdinger;
			};
			name = Release;
		};
/* End XCBuildConfiguration section */

/* Begin XCConfigurationList section */
		04A081222A5902340015A785 /* Build configuration list for PBXProject "Scrumdinger" */ = {
			isa = XCConfigurationList;
			buildConfigurations = (
				04A081492A5902350015A785 /* Debug */,
				04A0814A2A5902350015A785 /* Release */,
			);
			defaultConfigurationIsVisible = 0;
			defaultConfigurationName = Release;
		};
		04A0814B2A5902350015A785 /* Build configuration list for PBXNativeTarget "Scrumdinger" */ = {
			isa = XCConfigurationList;
			buildConfigurations = (
				04A0814C2A5902350015A785 /* Debug */,
				04A0814D2A5902350015A785 /* Release */,
			);
			defaultConfigurationIsVisible = 0;
			defaultConfigurationName = Release;
		};
		04A0814E2A5902350015A785 /* Build configuration list for PBXNativeTarget "ScrumdingerTests" */ = {
			isa = XCConfigurationList;
			buildConfigurations = (
				04A0814F2A5902350015A785 /* Debug */,
				04A081502A5902350015A785 /* Release */,
			);
			defaultConfigurationIsVisible = 0;
			defaultConfigurationName = Release;
		};
		04A081512A5902350015A785 /* Build configuration list for PBXNativeTarget "ScrumdingerUITests" */ = {
			isa = XCConfigurationList;
			buildConfigurations = (
				04A081522A5902350015A785 /* Debug */,
				04A081532A5902350015A785 /* Release */,
			);
			defaultConfigurationIsVisible = 0;
			defaultConfigurationName = Release;
		};
/* End XCConfigurationList section */
	};
	rootObject = 04A0811F2A5902340015A785 /* Project object */;
}
